
Microsoft Visual Studio Solution File, Format Version 12.00
# Visual Studio 15
VisualStudioVersion = 15.0.27130.2024
MinimumVisualStudioVersion = 10.0.40219.1
Project("{2150E333-8FDC-42A3-9474-1A3956D46DE8}") = "Solution Items", "Solution Items", "{E17BE29C-CD1F-4A35-81BF-129DF6E7F964}"
	ProjectSection(SolutionItems) = preProject
		..\.gitignore = ..\.gitignore
		..\LICENSE = ..\LICENSE
		..\README.md = ..\README.md
	EndProjectSection
EndProject
Project("{9A19103F-16F7-4668-BE54-9A1E7A4F7556}") = "Spock.CLI", "Spock.CLI\Spock.CLI.csproj", "{E29CED10-F5AB-4FC5-967D-D2B25A0C3ECB}"
EndProject
Project("{FAE04EC0-301F-11D3-BF4B-00C04F79EFBC}") = "Spock.CLI.Test", "Spock.CLI.Test\Spock.CLI.Test.csproj", "{D3CDBC60-BF0C-4E77-AB8E-1A2C8D0318D1}"
EndProject
Global
	GlobalSection(SolutionConfigurationPlatforms) = preSolution
		Debug|Any CPU = Debug|Any CPU
		Release|Any CPU = Release|Any CPU
	EndGlobalSection
	GlobalSection(ProjectConfigurationPlatforms) = postSolution
		{E29CED10-F5AB-4FC5-967D-D2B25A0C3ECB}.Debug|Any CPU.ActiveCfg = Debug|Any CPU
		{E29CED10-F5AB-4FC5-967D-D2B25A0C3ECB}.Debug|Any CPU.Build.0 = Debug|Any CPU
		{E29CED10-F5AB-4FC5-967D-D2B25A0C3ECB}.Release|Any CPU.ActiveCfg = Release|Any CPU
		{E29CED10-F5AB-4FC5-967D-D2B25A0C3ECB}.Release|Any CPU.Build.0 = Release|Any CPU
		{D3CDBC60-BF0C-4E77-AB8E-1A2C8D0318D1}.Debug|Any CPU.ActiveCfg = Debug|Any CPU
		{D3CDBC60-BF0C-4E77-AB8E-1A2C8D0318D1}.Debug|Any CPU.Build.0 = Debug|Any CPU
		{D3CDBC60-BF0C-4E77-AB8E-1A2C8D0318D1}.Release|Any CPU.ActiveCfg = Release|Any CPU
		{D3CDBC60-BF0C-4E77-AB8E-1A2C8D0318D1}.Release|Any CPU.Build.0 = Release|Any CPU
	EndGlobalSection
	GlobalSection(SolutionProperties) = preSolution
		HideSolutionNode = FALSE
	EndGlobalSection
	GlobalSection(ExtensibilityGlobals) = postSolution
		SolutionGuid = {1FEF03F1-0112-4990-A169-1EA057194B92}
	EndGlobalSection
EndGlobal
